
Microsoft Visual Studio Solution File, Format Version 12.00
# Visual Studio Version 17
VisualStudioVersion = 17.5.33516.290
MinimumVisualStudioVersion = 10.0.40219.1
Project("{FAE04EC0-301F-11D3-BF4B-00C04F79EFBC}") = "webbanhang_plus", "webbanhang_plus\webbanhang_plus.csproj", "{5D169DBD-F3E9-4C79-80B8-3A10101E51DF}"
EndProject
Global
	GlobalSection(SolutionConfigurationPlatforms) = preSolution
		Debug|Any CPU = Debug|Any CPU
		Release|Any CPU = Release|Any CPU
	EndGlobalSection
	GlobalSection(ProjectConfigurationPlatforms) = postSolution
		{5D169DBD-F3E9-4C79-80B8-3A10101E51DF}.Debug|Any CPU.ActiveCfg = Debug|Any CPU
		{5D169DBD-F3E9-4C79-80B8-3A10101E51DF}.Debug|Any CPU.Build.0 = Debug|Any CPU
		{5D169DBD-F3E9-4C79-80B8-3A10101E51DF}.Release|Any CPU.ActiveCfg = Release|Any CPU
		{5D169DBD-F3E9-4C79-80B8-3A10101E51DF}.Release|Any CPU.Build.0 = Release|Any CPU
	EndGlobalSection
	GlobalSection(SolutionProperties) = preSolution
		HideSolutionNode = FALSE
	EndGlobalSection
	GlobalSection(ExtensibilityGlobals) = postSolution
		SolutionGuid = {E2888843-A36C-446A-B165-5EE195E1D5DB}
	EndGlobalSection
EndGlobal
